
Microsoft Visual Studio Solution File, Format Version 12.00
# Visual Studio Version 16
VisualStudioVersion = 16.0.33130.400
MinimumVisualStudioVersion = 10.0.40219.1
Project("{FAE04EC0-301F-11D3-BF4B-00C04F79EFBC}") = "zd3_KirillMalugin", "zd3_KirillMalugin.csproj", "{6ED98545-E460-411B-9899-B4DDAE17BAC7}"
EndProject
Global
	GlobalSection(SolutionConfigurationPlatforms) = preSolution
		Debug|Any CPU = Debug|Any CPU
		Release|Any CPU = Release|Any CPU
	EndGlobalSection
	GlobalSection(ProjectConfigurationPlatforms) = postSolution
		{6ED98545-E460-411B-9899-B4DDAE17BAC7}.Debug|Any CPU.ActiveCfg = Debug|Any CPU
		{6ED98545-E460-411B-9899-B4DDAE17BAC7}.Debug|Any CPU.Build.0 = Debug|Any CPU
		{6ED98545-E460-411B-9899-B4DDAE17BAC7}.Release|Any CPU.ActiveCfg = Release|Any CPU
		{6ED98545-E460-411B-9899-B4DDAE17BAC7}.Release|Any CPU.Build.0 = Release|Any CPU
	EndGlobalSection
	GlobalSection(SolutionProperties) = preSolution
		HideSolutionNode = FALSE
	EndGlobalSection
	GlobalSection(ExtensibilityGlobals) = postSolution
		SolutionGuid = {53ABD9CA-3005-4AEC-A7CB-14881407B7D3}
	EndGlobalSection
EndGlobal
